
Microsoft Visual Studio Solution File, Format Version 12.00
# Visual Studio Version 16
VisualStudioVersion = 16.0.30523.141
MinimumVisualStudioVersion = 10.0.40219.1
Project("{FAE04EC0-301F-11D3-BF4B-00C04F79EFBC}") = "Chaldal.MenuPlanner.Web", "Chaldal.MenuPlanner.Web\Chaldal.MenuPlanner.Web.csproj", "{2E1C4D8B-EBDB-4DDE-8242-2ED8DA5E4DA5}"
EndProject
Global
	GlobalSection(SolutionConfigurationPlatforms) = preSolution
		Debug|Any CPU = Debug|Any CPU
		Release|Any CPU = Release|Any CPU
	EndGlobalSection
	GlobalSection(ProjectConfigurationPlatforms) = postSolution
		{2E1C4D8B-EBDB-4DDE-8242-2ED8DA5E4DA5}.Debug|Any CPU.ActiveCfg = Debug|Any CPU
		{2E1C4D8B-EBDB-4DDE-8242-2ED8DA5E4DA5}.Debug|Any CPU.Build.0 = Debug|Any CPU
		{2E1C4D8B-EBDB-4DDE-8242-2ED8DA5E4DA5}.Release|Any CPU.ActiveCfg = Release|Any CPU
		{2E1C4D8B-EBDB-4DDE-8242-2ED8DA5E4DA5}.Release|Any CPU.Build.0 = Release|Any CPU
	EndGlobalSection
	GlobalSection(SolutionProperties) = preSolution
		HideSolutionNode = FALSE
	EndGlobalSection
	GlobalSection(ExtensibilityGlobals) = postSolution
		SolutionGuid = {6FAD9647-CA3A-4F76-91FC-C3F6824425C8}
	EndGlobalSection
EndGlobal
